
Microsoft Visual Studio Solution File, Format Version 9.00
# Visual Studio 2005
Project("{2150E333-8FDC-42A3-9474-1A3956D46DE8}") = "app", "app", "{39BB03B5-7CB8-4047-A0F7-3E95F8E22C5B}"
	ProjectSection(WebsiteProperties) = preProject
		Debug.AspNetCompiler.Debug = "True"
		Release.AspNetCompiler.Debug = "False"
	EndProjectSection
EndProject
Project("{2150E333-8FDC-42A3-9474-1A3956D46DE8}") = "lib", "lib", "{9BE9D048-802D-4864-8FE1-2EF4B455D8CD}"
	ProjectSection(WebsiteProperties) = preProject
		Debug.AspNetCompiler.Debug = "True"
		Release.AspNetCompiler.Debug = "False"
	EndProjectSection
EndProject
Project("{2150E333-8FDC-42A3-9474-1A3956D46DE8}") = "Property Sheets", "Property Sheets", "{A30DEABC-092C-49A4-969C-8914302FC4D1}"
	ProjectSection(WebsiteProperties) = preProject
		Debug.AspNetCompiler.Debug = "True"
		Release.AspNetCompiler.Debug = "False"
	EndProjectSection
	ProjectSection(SolutionItems) = preProject
		..\cxos-cgicc.vsprops = ..\cxos-cgicc.vsprops
		..\cxos-libxml2.vsprops = ..\cxos-libxml2.vsprops
		..\cxos-xalan.vsprops = ..\cxos-xalan.vsprops
		..\cxos-xerces.vsprops = ..\cxos-xerces.vsprops
		..\cxos.vsprops = ..\cxos.vsprops
	EndProjectSection
EndProject
Project("{2150E333-8FDC-42A3-9474-1A3956D46DE8}") = "local", "local", "{2413B6FD-E630-4446-BE0D-38455C116BBA}"
	ProjectSection(WebsiteProperties) = preProject
		Debug.AspNetCompiler.Debug = "True"
		Release.AspNetCompiler.Debug = "False"
	EndProjectSection
	ProjectSection(SolutionItems) = preProject
		cxos.vsprops = cxos.vsprops
	EndProjectSection
EndProject
Project("{8BC9CEB8-8B4A-11D0-8D11-00A0C91BC942}") = "libcbase", "libcbase\libcbase.vcproj", "{9AD79315-99A5-4191-9CF8-8BB43E9D9CCF}"
	ProjectSection(WebsiteProperties) = preProject
		Debug.AspNetCompiler.Debug = "True"
		Release.AspNetCompiler.Debug = "False"
	EndProjectSection
EndProject
Project("{8BC9CEB8-8B4A-11D0-8D11-00A0C91BC942}") = "libcos", "libcos\libcos.vcproj", "{41941BA7-0921-4B2B-8F96-F97BFE8EDFC3}"
	ProjectSection(WebsiteProperties) = preProject
		Debug.AspNetCompiler.Debug = "True"
		Release.AspNetCompiler.Debug = "False"
	EndProjectSection
	ProjectSection(ProjectDependencies) = postProject
		{8AD2C7EA-C128-457F-9CDE-F5DA07F3779B} = {8AD2C7EA-C128-457F-9CDE-F5DA07F3779B}
		{9AD79315-99A5-4191-9CF8-8BB43E9D9CCF} = {9AD79315-99A5-4191-9CF8-8BB43E9D9CCF}
	EndProjectSection
EndProject
Project("{8BC9CEB8-8B4A-11D0-8D11-00A0C91BC942}") = "libcxttp", "libcxttp\libcxttp.vcproj", "{9CFECA02-7999-44D5-90DA-688B4E804B00}"
	ProjectSection(WebsiteProperties) = preProject
		Debug.AspNetCompiler.Debug = "True"
		Release.AspNetCompiler.Debug = "False"
	EndProjectSection
	ProjectSection(ProjectDependencies) = postProject
		{9AD79315-99A5-4191-9CF8-8BB43E9D9CCF} = {9AD79315-99A5-4191-9CF8-8BB43E9D9CCF}
		{8AD2C7EA-C128-457F-9CDE-F5DA07F3779B} = {8AD2C7EA-C128-457F-9CDE-F5DA07F3779B}
		{41941BA7-0921-4B2B-8F96-F97BFE8EDFC3} = {41941BA7-0921-4B2B-8F96-F97BFE8EDFC3}
	EndProjectSection
EndProject
Project("{8BC9CEB8-8B4A-11D0-8D11-00A0C91BC942}") = "libcplatform", "libcplatform\libcplatform.vcproj", "{8AD2C7EA-C128-457F-9CDE-F5DA07F3779B}"
	ProjectSection(WebsiteProperties) = preProject
		Debug.AspNetCompiler.Debug = "True"
		Release.AspNetCompiler.Debug = "False"
	EndProjectSection
	ProjectSection(ProjectDependencies) = postProject
		{9AD79315-99A5-4191-9CF8-8BB43E9D9CCF} = {9AD79315-99A5-4191-9CF8-8BB43E9D9CCF}
	EndProjectSection
EndProject
Project("{8BC9CEB8-8B4A-11D0-8D11-00A0C91BC942}") = "libccgicc", "libccgicc\libccgicc.vcproj", "{C80F5195-39F7-435F-BDFF-5DE80C534317}"
	ProjectSection(WebsiteProperties) = preProject
		Debug.AspNetCompiler.Debug = "True"
		Release.AspNetCompiler.Debug = "False"
	EndProjectSection
	ProjectSection(ProjectDependencies) = postProject
		{9CFECA02-7999-44D5-90DA-688B4E804B00} = {9CFECA02-7999-44D5-90DA-688B4E804B00}
		{9AD79315-99A5-4191-9CF8-8BB43E9D9CCF} = {9AD79315-99A5-4191-9CF8-8BB43E9D9CCF}
		{41941BA7-0921-4B2B-8F96-F97BFE8EDFC3} = {41941BA7-0921-4B2B-8F96-F97BFE8EDFC3}
		{8AD2C7EA-C128-457F-9CDE-F5DA07F3779B} = {8AD2C7EA-C128-457F-9CDE-F5DA07F3779B}
	EndProjectSection
EndProject
Project("{8BC9CEB8-8B4A-11D0-8D11-00A0C91BC942}") = "libclibxslt", "libclibxslt\libclibxslt.vcproj", "{0E7F0B65-3A12-4CD2-AC0C-FA89D5C34921}"
	ProjectSection(WebsiteProperties) = preProject
		Debug.AspNetCompiler.Debug = "True"
		Release.AspNetCompiler.Debug = "False"
	EndProjectSection
	ProjectSection(ProjectDependencies) = postProject
		{8AD2C7EA-C128-457F-9CDE-F5DA07F3779B} = {8AD2C7EA-C128-457F-9CDE-F5DA07F3779B}
		{41941BA7-0921-4B2B-8F96-F97BFE8EDFC3} = {41941BA7-0921-4B2B-8F96-F97BFE8EDFC3}
		{9AD79315-99A5-4191-9CF8-8BB43E9D9CCF} = {9AD79315-99A5-4191-9CF8-8BB43E9D9CCF}
	EndProjectSection
EndProject
Project("{8BC9CEB8-8B4A-11D0-8D11-00A0C91BC942}") = "cxsltcgi", "cxsltcgi\cxsltcgi.vcproj", "{F223B56A-9BDE-4861-AC0F-03FEE2119A92}"
	ProjectSection(WebsiteProperties) = preProject
		Debug.AspNetCompiler.Debug = "True"
		Release.AspNetCompiler.Debug = "False"
	EndProjectSection
	ProjectSection(ProjectDependencies) = postProject
		{C80F5195-39F7-435F-BDFF-5DE80C534317} = {C80F5195-39F7-435F-BDFF-5DE80C534317}
		{41941BA7-0921-4B2B-8F96-F97BFE8EDFC3} = {41941BA7-0921-4B2B-8F96-F97BFE8EDFC3}
		{8AD2C7EA-C128-457F-9CDE-F5DA07F3779B} = {8AD2C7EA-C128-457F-9CDE-F5DA07F3779B}
		{291BCC7F-C953-4910-A3CD-9C814D9ACFEC} = {291BCC7F-C953-4910-A3CD-9C814D9ACFEC}
		{6835778A-2685-471F-8B0E-DC3E83A65C24} = {6835778A-2685-471F-8B0E-DC3E83A65C24}
		{9AD79315-99A5-4191-9CF8-8BB43E9D9CCF} = {9AD79315-99A5-4191-9CF8-8BB43E9D9CCF}
		{9CFECA02-7999-44D5-90DA-688B4E804B00} = {9CFECA02-7999-44D5-90DA-688B4E804B00}
	EndProjectSection
EndProject
Project("{8BC9CEB8-8B4A-11D0-8D11-00A0C91BC942}") = "libcxalan", "libcxalan\libcxalan.vcproj", "{291BCC7F-C953-4910-A3CD-9C814D9ACFEC}"
	ProjectSection(WebsiteProperties) = preProject
		Debug.AspNetCompiler.Debug = "True"
		Release.AspNetCompiler.Debug = "False"
	EndProjectSection
	ProjectSection(ProjectDependencies) = postProject
		{8AD2C7EA-C128-457F-9CDE-F5DA07F3779B} = {8AD2C7EA-C128-457F-9CDE-F5DA07F3779B}
		{41941BA7-0921-4B2B-8F96-F97BFE8EDFC3} = {41941BA7-0921-4B2B-8F96-F97BFE8EDFC3}
		{6835778A-2685-471F-8B0E-DC3E83A65C24} = {6835778A-2685-471F-8B0E-DC3E83A65C24}
		{9AD79315-99A5-4191-9CF8-8BB43E9D9CCF} = {9AD79315-99A5-4191-9CF8-8BB43E9D9CCF}
	EndProjectSection
EndProject
Project("{8BC9CEB8-8B4A-11D0-8D11-00A0C91BC942}") = "libcxerces", "libcxerces\libcxerces.vcproj", "{6835778A-2685-471F-8B0E-DC3E83A65C24}"
	ProjectSection(WebsiteProperties) = preProject
		Debug.AspNetCompiler.Debug = "True"
		Release.AspNetCompiler.Debug = "False"
	EndProjectSection
	ProjectSection(ProjectDependencies) = postProject
		{9AD79315-99A5-4191-9CF8-8BB43E9D9CCF} = {9AD79315-99A5-4191-9CF8-8BB43E9D9CCF}
		{8AD2C7EA-C128-457F-9CDE-F5DA07F3779B} = {8AD2C7EA-C128-457F-9CDE-F5DA07F3779B}
	EndProjectSection
EndProject
Project("{8BC9CEB8-8B4A-11D0-8D11-00A0C91BC942}") = "clibxsltcgi", "clibxsltcgi\clibxsltcgi.vcproj", "{7E25FC14-EE1A-4BA9-BF15-F2F89047CCE7}"
	ProjectSection(WebsiteProperties) = preProject
		Debug.AspNetCompiler.Debug = "True"
		Release.AspNetCompiler.Debug = "False"
	EndProjectSection
	ProjectSection(ProjectDependencies) = postProject
		{0E7F0B65-3A12-4CD2-AC0C-FA89D5C34921} = {0E7F0B65-3A12-4CD2-AC0C-FA89D5C34921}
		{C80F5195-39F7-435F-BDFF-5DE80C534317} = {C80F5195-39F7-435F-BDFF-5DE80C534317}
		{41941BA7-0921-4B2B-8F96-F97BFE8EDFC3} = {41941BA7-0921-4B2B-8F96-F97BFE8EDFC3}
		{8AD2C7EA-C128-457F-9CDE-F5DA07F3779B} = {8AD2C7EA-C128-457F-9CDE-F5DA07F3779B}
		{9AD79315-99A5-4191-9CF8-8BB43E9D9CCF} = {9AD79315-99A5-4191-9CF8-8BB43E9D9CCF}
		{9CFECA02-7999-44D5-90DA-688B4E804B00} = {9CFECA02-7999-44D5-90DA-688B4E804B00}
	EndProjectSection
EndProject
Project("{8BC9CEB8-8B4A-11D0-8D11-00A0C91BC942}") = "ccgicatch", "ccgicatch\ccgicatch.vcproj", "{D5E2620F-2678-4AA7-BC15-3151E2D3DFBB}"
	ProjectSection(WebsiteProperties) = preProject
		Debug.AspNetCompiler.Debug = "True"
		Release.AspNetCompiler.Debug = "False"
	EndProjectSection
	ProjectSection(ProjectDependencies) = postProject
		{9CFECA02-7999-44D5-90DA-688B4E804B00} = {9CFECA02-7999-44D5-90DA-688B4E804B00}
		{9AD79315-99A5-4191-9CF8-8BB43E9D9CCF} = {9AD79315-99A5-4191-9CF8-8BB43E9D9CCF}
		{8AD2C7EA-C128-457F-9CDE-F5DA07F3779B} = {8AD2C7EA-C128-457F-9CDE-F5DA07F3779B}
		{41941BA7-0921-4B2B-8F96-F97BFE8EDFC3} = {41941BA7-0921-4B2B-8F96-F97BFE8EDFC3}
	EndProjectSection
EndProject
Project("{8BC9CEB8-8B4A-11D0-8D11-00A0C91BC942}") = "libccgi", "libccgi\libccgi.vcproj", "{CC4DFAF1-BB31-40D3-AA7C-6AC107A97535}"
	ProjectSection(WebsiteProperties) = preProject
		Debug.AspNetCompiler.Debug = "True"
		Release.AspNetCompiler.Debug = "False"
	EndProjectSection
	ProjectSection(ProjectDependencies) = postProject
		{8AD2C7EA-C128-457F-9CDE-F5DA07F3779B} = {8AD2C7EA-C128-457F-9CDE-F5DA07F3779B}
		{41941BA7-0921-4B2B-8F96-F97BFE8EDFC3} = {41941BA7-0921-4B2B-8F96-F97BFE8EDFC3}
		{9AD79315-99A5-4191-9CF8-8BB43E9D9CCF} = {9AD79315-99A5-4191-9CF8-8BB43E9D9CCF}
		{9CFECA02-7999-44D5-90DA-688B4E804B00} = {9CFECA02-7999-44D5-90DA-688B4E804B00}
	EndProjectSection
EndProject
Project("{8BC9CEB8-8B4A-11D0-8D11-00A0C91BC942}") = "ccgi", "ccgi\ccgi.vcproj", "{553EFB19-4152-4C57-8026-4373BE9DF066}"
	ProjectSection(WebsiteProperties) = preProject
		Debug.AspNetCompiler.Debug = "True"
		Release.AspNetCompiler.Debug = "False"
	EndProjectSection
	ProjectSection(ProjectDependencies) = postProject
		{9CFECA02-7999-44D5-90DA-688B4E804B00} = {9CFECA02-7999-44D5-90DA-688B4E804B00}
		{8AD2C7EA-C128-457F-9CDE-F5DA07F3779B} = {8AD2C7EA-C128-457F-9CDE-F5DA07F3779B}
		{41941BA7-0921-4B2B-8F96-F97BFE8EDFC3} = {41941BA7-0921-4B2B-8F96-F97BFE8EDFC3}
		{9AD79315-99A5-4191-9CF8-8BB43E9D9CCF} = {9AD79315-99A5-4191-9CF8-8BB43E9D9CCF}
		{CC4DFAF1-BB31-40D3-AA7C-6AC107A97535} = {CC4DFAF1-BB31-40D3-AA7C-6AC107A97535}
	EndProjectSection
EndProject
Project("{8BC9CEB8-8B4A-11D0-8D11-00A0C91BC942}") = "cvcprojxsltcgi", "cvcprojxsltcgi\cvcprojxsltcgi.vcproj", "{9542C4B7-F9C8-4C6C-8EFE-7580517ED55C}"
	ProjectSection(WebsiteProperties) = preProject
		Debug.AspNetCompiler.Debug = "True"
		Release.AspNetCompiler.Debug = "False"
	EndProjectSection
	ProjectSection(ProjectDependencies) = postProject
		{9CFECA02-7999-44D5-90DA-688B4E804B00} = {9CFECA02-7999-44D5-90DA-688B4E804B00}
		{9AD79315-99A5-4191-9CF8-8BB43E9D9CCF} = {9AD79315-99A5-4191-9CF8-8BB43E9D9CCF}
		{0E7F0B65-3A12-4CD2-AC0C-FA89D5C34921} = {0E7F0B65-3A12-4CD2-AC0C-FA89D5C34921}
		{C80F5195-39F7-435F-BDFF-5DE80C534317} = {C80F5195-39F7-435F-BDFF-5DE80C534317}
		{41941BA7-0921-4B2B-8F96-F97BFE8EDFC3} = {41941BA7-0921-4B2B-8F96-F97BFE8EDFC3}
		{8AD2C7EA-C128-457F-9CDE-F5DA07F3779B} = {8AD2C7EA-C128-457F-9CDE-F5DA07F3779B}
	EndProjectSection
EndProject
Project("{8BC9CEB8-8B4A-11D0-8D11-00A0C91BC942}") = "cvspropsxsltcgi", "cvspropsxsltcgi\cvspropsxsltcgi.vcproj", "{FDA60A64-8B59-4474-97D3-AB197E4F4D31}"
	ProjectSection(WebsiteProperties) = preProject
		Debug.AspNetCompiler.Debug = "True"
		Release.AspNetCompiler.Debug = "False"
	EndProjectSection
	ProjectSection(ProjectDependencies) = postProject
		{8AD2C7EA-C128-457F-9CDE-F5DA07F3779B} = {8AD2C7EA-C128-457F-9CDE-F5DA07F3779B}
		{41941BA7-0921-4B2B-8F96-F97BFE8EDFC3} = {41941BA7-0921-4B2B-8F96-F97BFE8EDFC3}
		{C80F5195-39F7-435F-BDFF-5DE80C534317} = {C80F5195-39F7-435F-BDFF-5DE80C534317}
		{0E7F0B65-3A12-4CD2-AC0C-FA89D5C34921} = {0E7F0B65-3A12-4CD2-AC0C-FA89D5C34921}
		{9AD79315-99A5-4191-9CF8-8BB43E9D9CCF} = {9AD79315-99A5-4191-9CF8-8BB43E9D9CCF}
		{9CFECA02-7999-44D5-90DA-688B4E804B00} = {9CFECA02-7999-44D5-90DA-688B4E804B00}
	EndProjectSection
EndProject
Project("{8BC9CEB8-8B4A-11D0-8D11-00A0C91BC942}") = "libcservlet", "libcservlet\libcservlet.vcproj", "{266A44E1-50D1-4562-A9CD-E20C79233A69}"
	ProjectSection(WebsiteProperties) = preProject
		Debug.AspNetCompiler.Debug = "True"
		Release.AspNetCompiler.Debug = "False"
	EndProjectSection
	ProjectSection(ProjectDependencies) = postProject
		{41941BA7-0921-4B2B-8F96-F97BFE8EDFC3} = {41941BA7-0921-4B2B-8F96-F97BFE8EDFC3}
	EndProjectSection
EndProject
Project("{8BC9CEB8-8B4A-11D0-8D11-00A0C91BC942}") = "cservletccgicccgi", "cservletccgicccgi\cservletccgicccgi.vcproj", "{7A3B1F24-56A2-4356-9A8A-EF3945F982A9}"
	ProjectSection(WebsiteProperties) = preProject
		Debug.AspNetCompiler.Debug = "True"
		Release.AspNetCompiler.Debug = "False"
	EndProjectSection
	ProjectSection(ProjectDependencies) = postProject
		{9CFECA02-7999-44D5-90DA-688B4E804B00} = {9CFECA02-7999-44D5-90DA-688B4E804B00}
		{9AD79315-99A5-4191-9CF8-8BB43E9D9CCF} = {9AD79315-99A5-4191-9CF8-8BB43E9D9CCF}
		{C80F5195-39F7-435F-BDFF-5DE80C534317} = {C80F5195-39F7-435F-BDFF-5DE80C534317}
		{41941BA7-0921-4B2B-8F96-F97BFE8EDFC3} = {41941BA7-0921-4B2B-8F96-F97BFE8EDFC3}
		{8AD2C7EA-C128-457F-9CDE-F5DA07F3779B} = {8AD2C7EA-C128-457F-9CDE-F5DA07F3779B}
	EndProjectSection
EndProject
Project("{8BC9CEB8-8B4A-11D0-8D11-00A0C91BC942}") = "chellohttpservlet", "chellohttpservlet\chellohttpservlet.vcproj", "{E222EC47-AE19-4217-B616-237E215AD4B6}"
	ProjectSection(WebsiteProperties) = preProject
		Debug.AspNetCompiler.Debug = "True"
		Release.AspNetCompiler.Debug = "False"
	EndProjectSection
	ProjectSection(ProjectDependencies) = postProject
		{41941BA7-0921-4B2B-8F96-F97BFE8EDFC3} = {41941BA7-0921-4B2B-8F96-F97BFE8EDFC3}
	EndProjectSection
EndProject
Project("{8BC9CEB8-8B4A-11D0-8D11-00A0C91BC942}") = "chellocgi", "chellocgi\chellocgi.vcproj", "{DDB23A77-3F8A-408D-9A39-0628261929EC}"
	ProjectSection(WebsiteProperties) = preProject
		Debug.AspNetCompiler.Debug = "True"
		Release.AspNetCompiler.Debug = "False"
	EndProjectSection
	ProjectSection(ProjectDependencies) = postProject
		{9CFECA02-7999-44D5-90DA-688B4E804B00} = {9CFECA02-7999-44D5-90DA-688B4E804B00}
		{9AD79315-99A5-4191-9CF8-8BB43E9D9CCF} = {9AD79315-99A5-4191-9CF8-8BB43E9D9CCF}
		{C80F5195-39F7-435F-BDFF-5DE80C534317} = {C80F5195-39F7-435F-BDFF-5DE80C534317}
		{41941BA7-0921-4B2B-8F96-F97BFE8EDFC3} = {41941BA7-0921-4B2B-8F96-F97BFE8EDFC3}
		{8AD2C7EA-C128-457F-9CDE-F5DA07F3779B} = {8AD2C7EA-C128-457F-9CDE-F5DA07F3779B}
	EndProjectSection
EndProject
Project("{8BC9CEB8-8B4A-11D0-8D11-00A0C91BC942}") = "cuuidcgi", "cuuidcgi\cuuidcgi.vcproj", "{2D8A3081-E984-48C2-8FBC-32C18AEA8BC5}"
	ProjectSection(WebsiteProperties) = preProject
		Debug.AspNetCompiler.Debug = "True"
		Release.AspNetCompiler.Debug = "False"
	EndProjectSection
	ProjectSection(ProjectDependencies) = postProject
		{CC4DFAF1-BB31-40D3-AA7C-6AC107A97535} = {CC4DFAF1-BB31-40D3-AA7C-6AC107A97535}
		{8AD2C7EA-C128-457F-9CDE-F5DA07F3779B} = {8AD2C7EA-C128-457F-9CDE-F5DA07F3779B}
		{41941BA7-0921-4B2B-8F96-F97BFE8EDFC3} = {41941BA7-0921-4B2B-8F96-F97BFE8EDFC3}
		{9AD79315-99A5-4191-9CF8-8BB43E9D9CCF} = {9AD79315-99A5-4191-9CF8-8BB43E9D9CCF}
		{9CFECA02-7999-44D5-90DA-688B4E804B00} = {9CFECA02-7999-44D5-90DA-688B4E804B00}
	EndProjectSection
EndProject
Project("{8BC9CEB8-8B4A-11D0-8D11-00A0C91BC942}") = "cxslt", "cxslt\cxslt.vcproj", "{CCE32AF1-7958-4092-BD21-12A3AD014D29}"
	ProjectSection(WebsiteProperties) = preProject
		Debug.AspNetCompiler.Debug = "True"
		Release.AspNetCompiler.Debug = "False"
	EndProjectSection
	ProjectSection(ProjectDependencies) = postProject
		{8AD2C7EA-C128-457F-9CDE-F5DA07F3779B} = {8AD2C7EA-C128-457F-9CDE-F5DA07F3779B}
		{41941BA7-0921-4B2B-8F96-F97BFE8EDFC3} = {41941BA7-0921-4B2B-8F96-F97BFE8EDFC3}
		{6835778A-2685-471F-8B0E-DC3E83A65C24} = {6835778A-2685-471F-8B0E-DC3E83A65C24}
		{291BCC7F-C953-4910-A3CD-9C814D9ACFEC} = {291BCC7F-C953-4910-A3CD-9C814D9ACFEC}
		{9AD79315-99A5-4191-9CF8-8BB43E9D9CCF} = {9AD79315-99A5-4191-9CF8-8BB43E9D9CCF}
		{9CFECA02-7999-44D5-90DA-688B4E804B00} = {9CFECA02-7999-44D5-90DA-688B4E804B00}
	EndProjectSection
EndProject
Project("{8BC9CEB8-8B4A-11D0-8D11-00A0C91BC942}") = "clibxslt", "clibxslt\clibxslt.vcproj", "{0EE9DA91-83A7-4753-BA7D-304564C647A0}"
	ProjectSection(WebsiteProperties) = preProject
		Debug.AspNetCompiler.Debug = "True"
		Release.AspNetCompiler.Debug = "False"
	EndProjectSection
	ProjectSection(ProjectDependencies) = postProject
		{9CFECA02-7999-44D5-90DA-688B4E804B00} = {9CFECA02-7999-44D5-90DA-688B4E804B00}
		{9AD79315-99A5-4191-9CF8-8BB43E9D9CCF} = {9AD79315-99A5-4191-9CF8-8BB43E9D9CCF}
		{0E7F0B65-3A12-4CD2-AC0C-FA89D5C34921} = {0E7F0B65-3A12-4CD2-AC0C-FA89D5C34921}
		{41941BA7-0921-4B2B-8F96-F97BFE8EDFC3} = {41941BA7-0921-4B2B-8F96-F97BFE8EDFC3}
		{8AD2C7EA-C128-457F-9CDE-F5DA07F3779B} = {8AD2C7EA-C128-457F-9CDE-F5DA07F3779B}
	EndProjectSection
EndProject
Global
	GlobalSection(SolutionConfigurationPlatforms) = preSolution
		Debug|Win32 = Debug|Win32
		Release|Win32 = Release|Win32
	EndGlobalSection
	GlobalSection(ProjectConfigurationPlatforms) = postSolution
		{9AD79315-99A5-4191-9CF8-8BB43E9D9CCF}.Debug|Win32.ActiveCfg = Debug|Win32
		{9AD79315-99A5-4191-9CF8-8BB43E9D9CCF}.Debug|Win32.Build.0 = Debug|Win32
		{9AD79315-99A5-4191-9CF8-8BB43E9D9CCF}.Release|Win32.ActiveCfg = Release|Win32
		{9AD79315-99A5-4191-9CF8-8BB43E9D9CCF}.Release|Win32.Build.0 = Release|Win32
		{41941BA7-0921-4B2B-8F96-F97BFE8EDFC3}.Debug|Win32.ActiveCfg = Debug|Win32
		{41941BA7-0921-4B2B-8F96-F97BFE8EDFC3}.Debug|Win32.Build.0 = Debug|Win32
		{41941BA7-0921-4B2B-8F96-F97BFE8EDFC3}.Release|Win32.ActiveCfg = Release|Win32
		{41941BA7-0921-4B2B-8F96-F97BFE8EDFC3}.Release|Win32.Build.0 = Release|Win32
		{9CFECA02-7999-44D5-90DA-688B4E804B00}.Debug|Win32.ActiveCfg = Debug|Win32
		{9CFECA02-7999-44D5-90DA-688B4E804B00}.Debug|Win32.Build.0 = Debug|Win32
		{9CFECA02-7999-44D5-90DA-688B4E804B00}.Release|Win32.ActiveCfg = Release|Win32
		{9CFECA02-7999-44D5-90DA-688B4E804B00}.Release|Win32.Build.0 = Release|Win32
		{8AD2C7EA-C128-457F-9CDE-F5DA07F3779B}.Debug|Win32.ActiveCfg = Debug|Win32
		{8AD2C7EA-C128-457F-9CDE-F5DA07F3779B}.Debug|Win32.Build.0 = Debug|Win32
		{8AD2C7EA-C128-457F-9CDE-F5DA07F3779B}.Release|Win32.ActiveCfg = Release|Win32
		{8AD2C7EA-C128-457F-9CDE-F5DA07F3779B}.Release|Win32.Build.0 = Release|Win32
		{C80F5195-39F7-435F-BDFF-5DE80C534317}.Debug|Win32.ActiveCfg = Debug|Win32
		{C80F5195-39F7-435F-BDFF-5DE80C534317}.Debug|Win32.Build.0 = Debug|Win32
		{C80F5195-39F7-435F-BDFF-5DE80C534317}.Release|Win32.ActiveCfg = Release|Win32
		{C80F5195-39F7-435F-BDFF-5DE80C534317}.Release|Win32.Build.0 = Release|Win32
		{0E7F0B65-3A12-4CD2-AC0C-FA89D5C34921}.Debug|Win32.ActiveCfg = Debug|Win32
		{0E7F0B65-3A12-4CD2-AC0C-FA89D5C34921}.Debug|Win32.Build.0 = Debug|Win32
		{0E7F0B65-3A12-4CD2-AC0C-FA89D5C34921}.Release|Win32.ActiveCfg = Release|Win32
		{0E7F0B65-3A12-4CD2-AC0C-FA89D5C34921}.Release|Win32.Build.0 = Release|Win32
		{F223B56A-9BDE-4861-AC0F-03FEE2119A92}.Debug|Win32.ActiveCfg = Debug|Win32
		{F223B56A-9BDE-4861-AC0F-03FEE2119A92}.Debug|Win32.Build.0 = Debug|Win32
		{F223B56A-9BDE-4861-AC0F-03FEE2119A92}.Release|Win32.ActiveCfg = Release|Win32
		{F223B56A-9BDE-4861-AC0F-03FEE2119A92}.Release|Win32.Build.0 = Release|Win32
		{291BCC7F-C953-4910-A3CD-9C814D9ACFEC}.Debug|Win32.ActiveCfg = Debug|Win32
		{291BCC7F-C953-4910-A3CD-9C814D9ACFEC}.Debug|Win32.Build.0 = Debug|Win32
		{291BCC7F-C953-4910-A3CD-9C814D9ACFEC}.Release|Win32.ActiveCfg = Release|Win32
		{291BCC7F-C953-4910-A3CD-9C814D9ACFEC}.Release|Win32.Build.0 = Release|Win32
		{6835778A-2685-471F-8B0E-DC3E83A65C24}.Debug|Win32.ActiveCfg = Debug|Win32
		{6835778A-2685-471F-8B0E-DC3E83A65C24}.Debug|Win32.Build.0 = Debug|Win32
		{6835778A-2685-471F-8B0E-DC3E83A65C24}.Release|Win32.ActiveCfg = Release|Win32
		{6835778A-2685-471F-8B0E-DC3E83A65C24}.Release|Win32.Build.0 = Release|Win32
		{7E25FC14-EE1A-4BA9-BF15-F2F89047CCE7}.Debug|Win32.ActiveCfg = Debug|Win32
		{7E25FC14-EE1A-4BA9-BF15-F2F89047CCE7}.Debug|Win32.Build.0 = Debug|Win32
		{7E25FC14-EE1A-4BA9-BF15-F2F89047CCE7}.Release|Win32.ActiveCfg = Release|Win32
		{7E25FC14-EE1A-4BA9-BF15-F2F89047CCE7}.Release|Win32.Build.0 = Release|Win32
		{D5E2620F-2678-4AA7-BC15-3151E2D3DFBB}.Debug|Win32.ActiveCfg = Debug|Win32
		{D5E2620F-2678-4AA7-BC15-3151E2D3DFBB}.Debug|Win32.Build.0 = Debug|Win32
		{D5E2620F-2678-4AA7-BC15-3151E2D3DFBB}.Release|Win32.ActiveCfg = Release|Win32
		{D5E2620F-2678-4AA7-BC15-3151E2D3DFBB}.Release|Win32.Build.0 = Release|Win32
		{CC4DFAF1-BB31-40D3-AA7C-6AC107A97535}.Debug|Win32.ActiveCfg = Debug|Win32
		{CC4DFAF1-BB31-40D3-AA7C-6AC107A97535}.Debug|Win32.Build.0 = Debug|Win32
		{CC4DFAF1-BB31-40D3-AA7C-6AC107A97535}.Release|Win32.ActiveCfg = Release|Win32
		{CC4DFAF1-BB31-40D3-AA7C-6AC107A97535}.Release|Win32.Build.0 = Release|Win32
		{553EFB19-4152-4C57-8026-4373BE9DF066}.Debug|Win32.ActiveCfg = Debug|Win32
		{553EFB19-4152-4C57-8026-4373BE9DF066}.Debug|Win32.Build.0 = Debug|Win32
		{553EFB19-4152-4C57-8026-4373BE9DF066}.Release|Win32.ActiveCfg = Release|Win32
		{553EFB19-4152-4C57-8026-4373BE9DF066}.Release|Win32.Build.0 = Release|Win32
		{9542C4B7-F9C8-4C6C-8EFE-7580517ED55C}.Debug|Win32.ActiveCfg = Debug|Win32
		{9542C4B7-F9C8-4C6C-8EFE-7580517ED55C}.Debug|Win32.Build.0 = Debug|Win32
		{9542C4B7-F9C8-4C6C-8EFE-7580517ED55C}.Release|Win32.ActiveCfg = Release|Win32
		{9542C4B7-F9C8-4C6C-8EFE-7580517ED55C}.Release|Win32.Build.0 = Release|Win32
		{FDA60A64-8B59-4474-97D3-AB197E4F4D31}.Debug|Win32.ActiveCfg = Debug|Win32
		{FDA60A64-8B59-4474-97D3-AB197E4F4D31}.Debug|Win32.Build.0 = Debug|Win32
		{FDA60A64-8B59-4474-97D3-AB197E4F4D31}.Release|Win32.ActiveCfg = Release|Win32
		{FDA60A64-8B59-4474-97D3-AB197E4F4D31}.Release|Win32.Build.0 = Release|Win32
		{266A44E1-50D1-4562-A9CD-E20C79233A69}.Debug|Win32.ActiveCfg = Debug|Win32
		{266A44E1-50D1-4562-A9CD-E20C79233A69}.Debug|Win32.Build.0 = Debug|Win32
		{266A44E1-50D1-4562-A9CD-E20C79233A69}.Release|Win32.ActiveCfg = Release|Win32
		{266A44E1-50D1-4562-A9CD-E20C79233A69}.Release|Win32.Build.0 = Release|Win32
		{7A3B1F24-56A2-4356-9A8A-EF3945F982A9}.Debug|Win32.ActiveCfg = Debug|Win32
		{7A3B1F24-56A2-4356-9A8A-EF3945F982A9}.Debug|Win32.Build.0 = Debug|Win32
		{7A3B1F24-56A2-4356-9A8A-EF3945F982A9}.Release|Win32.ActiveCfg = Release|Win32
		{7A3B1F24-56A2-4356-9A8A-EF3945F982A9}.Release|Win32.Build.0 = Release|Win32
		{E222EC47-AE19-4217-B616-237E215AD4B6}.Debug|Win32.ActiveCfg = Debug|Win32
		{E222EC47-AE19-4217-B616-237E215AD4B6}.Debug|Win32.Build.0 = Debug|Win32
		{E222EC47-AE19-4217-B616-237E215AD4B6}.Release|Win32.ActiveCfg = Release|Win32
		{E222EC47-AE19-4217-B616-237E215AD4B6}.Release|Win32.Build.0 = Release|Win32
		{DDB23A77-3F8A-408D-9A39-0628261929EC}.Debug|Win32.ActiveCfg = Debug|Win32
		{DDB23A77-3F8A-408D-9A39-0628261929EC}.Debug|Win32.Build.0 = Debug|Win32
		{DDB23A77-3F8A-408D-9A39-0628261929EC}.Release|Win32.ActiveCfg = Release|Win32
		{DDB23A77-3F8A-408D-9A39-0628261929EC}.Release|Win32.Build.0 = Release|Win32
		{2D8A3081-E984-48C2-8FBC-32C18AEA8BC5}.Debug|Win32.ActiveCfg = Debug|Win32
		{2D8A3081-E984-48C2-8FBC-32C18AEA8BC5}.Debug|Win32.Build.0 = Debug|Win32
		{2D8A3081-E984-48C2-8FBC-32C18AEA8BC5}.Release|Win32.ActiveCfg = Release|Win32
		{2D8A3081-E984-48C2-8FBC-32C18AEA8BC5}.Release|Win32.Build.0 = Release|Win32
		{CCE32AF1-7958-4092-BD21-12A3AD014D29}.Debug|Win32.ActiveCfg = Debug|Win32
		{CCE32AF1-7958-4092-BD21-12A3AD014D29}.Debug|Win32.Build.0 = Debug|Win32
		{CCE32AF1-7958-4092-BD21-12A3AD014D29}.Release|Win32.ActiveCfg = Release|Win32
		{CCE32AF1-7958-4092-BD21-12A3AD014D29}.Release|Win32.Build.0 = Release|Win32
		{0EE9DA91-83A7-4753-BA7D-304564C647A0}.Debug|Win32.ActiveCfg = Debug|Win32
		{0EE9DA91-83A7-4753-BA7D-304564C647A0}.Debug|Win32.Build.0 = Debug|Win32
		{0EE9DA91-83A7-4753-BA7D-304564C647A0}.Release|Win32.ActiveCfg = Release|Win32
		{0EE9DA91-83A7-4753-BA7D-304564C647A0}.Release|Win32.Build.0 = Release|Win32
	EndGlobalSection
	GlobalSection(SolutionProperties) = preSolution
		HideSolutionNode = FALSE
	EndGlobalSection
	GlobalSection(NestedProjects) = preSolution
		{F223B56A-9BDE-4861-AC0F-03FEE2119A92} = {39BB03B5-7CB8-4047-A0F7-3E95F8E22C5B}
		{7E25FC14-EE1A-4BA9-BF15-F2F89047CCE7} = {39BB03B5-7CB8-4047-A0F7-3E95F8E22C5B}
		{D5E2620F-2678-4AA7-BC15-3151E2D3DFBB} = {39BB03B5-7CB8-4047-A0F7-3E95F8E22C5B}
		{553EFB19-4152-4C57-8026-4373BE9DF066} = {39BB03B5-7CB8-4047-A0F7-3E95F8E22C5B}
		{9542C4B7-F9C8-4C6C-8EFE-7580517ED55C} = {39BB03B5-7CB8-4047-A0F7-3E95F8E22C5B}
		{FDA60A64-8B59-4474-97D3-AB197E4F4D31} = {39BB03B5-7CB8-4047-A0F7-3E95F8E22C5B}
		{7A3B1F24-56A2-4356-9A8A-EF3945F982A9} = {39BB03B5-7CB8-4047-A0F7-3E95F8E22C5B}
		{E222EC47-AE19-4217-B616-237E215AD4B6} = {39BB03B5-7CB8-4047-A0F7-3E95F8E22C5B}
		{DDB23A77-3F8A-408D-9A39-0628261929EC} = {39BB03B5-7CB8-4047-A0F7-3E95F8E22C5B}
		{2D8A3081-E984-48C2-8FBC-32C18AEA8BC5} = {39BB03B5-7CB8-4047-A0F7-3E95F8E22C5B}
		{CCE32AF1-7958-4092-BD21-12A3AD014D29} = {39BB03B5-7CB8-4047-A0F7-3E95F8E22C5B}
		{0EE9DA91-83A7-4753-BA7D-304564C647A0} = {39BB03B5-7CB8-4047-A0F7-3E95F8E22C5B}
		{9AD79315-99A5-4191-9CF8-8BB43E9D9CCF} = {9BE9D048-802D-4864-8FE1-2EF4B455D8CD}
		{41941BA7-0921-4B2B-8F96-F97BFE8EDFC3} = {9BE9D048-802D-4864-8FE1-2EF4B455D8CD}
		{9CFECA02-7999-44D5-90DA-688B4E804B00} = {9BE9D048-802D-4864-8FE1-2EF4B455D8CD}
		{8AD2C7EA-C128-457F-9CDE-F5DA07F3779B} = {9BE9D048-802D-4864-8FE1-2EF4B455D8CD}
		{C80F5195-39F7-435F-BDFF-5DE80C534317} = {9BE9D048-802D-4864-8FE1-2EF4B455D8CD}
		{0E7F0B65-3A12-4CD2-AC0C-FA89D5C34921} = {9BE9D048-802D-4864-8FE1-2EF4B455D8CD}
		{291BCC7F-C953-4910-A3CD-9C814D9ACFEC} = {9BE9D048-802D-4864-8FE1-2EF4B455D8CD}
		{6835778A-2685-471F-8B0E-DC3E83A65C24} = {9BE9D048-802D-4864-8FE1-2EF4B455D8CD}
		{CC4DFAF1-BB31-40D3-AA7C-6AC107A97535} = {9BE9D048-802D-4864-8FE1-2EF4B455D8CD}
		{266A44E1-50D1-4562-A9CD-E20C79233A69} = {9BE9D048-802D-4864-8FE1-2EF4B455D8CD}
		{2413B6FD-E630-4446-BE0D-38455C116BBA} = {A30DEABC-092C-49A4-969C-8914302FC4D1}
	EndGlobalSection
EndGlobal
