
Microsoft Visual Studio Solution File, Format Version 10.00
# Visual Studio 2008
Project("{2150E333-8FDC-42A3-9474-1A3956D46DE8}") = "app", "app", "{81025976-0672-45C1-A877-4893C886906F}"
EndProject
Project("{2150E333-8FDC-42A3-9474-1A3956D46DE8}") = "lib", "lib", "{1D36C19F-DA89-4CBF-8379-66D380C4B502}"
EndProject
Project("{2150E333-8FDC-42A3-9474-1A3956D46DE8}") = "Property Sheets", "Property Sheets", "{452995D8-38F5-40F8-A79D-90EA3CA81774}"
	ProjectSection(SolutionItems) = preProject
		..\cxos-cgicc.vsprops = ..\cxos-cgicc.vsprops
		..\cxos-libxml2.vsprops = ..\cxos-libxml2.vsprops
		..\cxos-mxde.vsprops = ..\cxos-mxde.vsprops
		..\cxos-xalan.vsprops = ..\cxos-xalan.vsprops
		..\cxos-xerces.vsprops = ..\cxos-xerces.vsprops
		..\cxos.vsprops = ..\cxos.vsprops
	EndProjectSection
EndProject
Project("{8BC9CEB8-8B4A-11D0-8D11-00A0C91BC942}") = "chello", "chello\chello.vcproj", "{036046AE-5875-4B07-B6EE-5F11C547A35B}"
	ProjectSection(ProjectDependencies) = postProject
		{9AD79315-99A5-4191-9CF8-8BB43E9D9CCF} = {9AD79315-99A5-4191-9CF8-8BB43E9D9CCF}
		{41941BA7-0921-4B2B-8F96-F97BFE8EDFC3} = {41941BA7-0921-4B2B-8F96-F97BFE8EDFC3}
		{8AD2C7EA-C128-457F-9CDE-F5DA07F3779B} = {8AD2C7EA-C128-457F-9CDE-F5DA07F3779B}
	EndProjectSection
EndProject
Project("{2150E333-8FDC-42A3-9474-1A3956D46DE8}") = "local", "local", "{A17472C9-35C6-4831-A8B3-4BFD12632447}"
	ProjectSection(SolutionItems) = preProject
		cxos.vsprops = cxos.vsprops
	EndProjectSection
EndProject
Project("{8BC9CEB8-8B4A-11D0-8D11-00A0C91BC942}") = "libcbase", "libcbase\libcbase.vcproj", "{9AD79315-99A5-4191-9CF8-8BB43E9D9CCF}"
EndProject
Project("{8BC9CEB8-8B4A-11D0-8D11-00A0C91BC942}") = "libcplatform", "libcplatform\libcplatform.vcproj", "{8AD2C7EA-C128-457F-9CDE-F5DA07F3779B}"
EndProject
Project("{8BC9CEB8-8B4A-11D0-8D11-00A0C91BC942}") = "libcos", "libcos\libcos.vcproj", "{41941BA7-0921-4B2B-8F96-F97BFE8EDFC3}"
	ProjectSection(ProjectDependencies) = postProject
		{9AD79315-99A5-4191-9CF8-8BB43E9D9CCF} = {9AD79315-99A5-4191-9CF8-8BB43E9D9CCF}
		{8AD2C7EA-C128-457F-9CDE-F5DA07F3779B} = {8AD2C7EA-C128-457F-9CDE-F5DA07F3779B}
	EndProjectSection
EndProject
Global
	GlobalSection(SolutionConfigurationPlatforms) = preSolution
		Debug|Win32 = Debug|Win32
		Release|Win32 = Release|Win32
	EndGlobalSection
	GlobalSection(ProjectConfigurationPlatforms) = postSolution
		{036046AE-5875-4B07-B6EE-5F11C547A35B}.Debug|Win32.ActiveCfg = Debug|Win32
		{036046AE-5875-4B07-B6EE-5F11C547A35B}.Debug|Win32.Build.0 = Debug|Win32
		{036046AE-5875-4B07-B6EE-5F11C547A35B}.Release|Win32.ActiveCfg = Release|Win32
		{036046AE-5875-4B07-B6EE-5F11C547A35B}.Release|Win32.Build.0 = Release|Win32
		{9AD79315-99A5-4191-9CF8-8BB43E9D9CCF}.Debug|Win32.ActiveCfg = Debug|Win32
		{9AD79315-99A5-4191-9CF8-8BB43E9D9CCF}.Debug|Win32.Build.0 = Debug|Win32
		{9AD79315-99A5-4191-9CF8-8BB43E9D9CCF}.Release|Win32.ActiveCfg = Release|Win32
		{9AD79315-99A5-4191-9CF8-8BB43E9D9CCF}.Release|Win32.Build.0 = Release|Win32
		{8AD2C7EA-C128-457F-9CDE-F5DA07F3779B}.Debug|Win32.ActiveCfg = Debug|Win32
		{8AD2C7EA-C128-457F-9CDE-F5DA07F3779B}.Debug|Win32.Build.0 = Debug|Win32
		{8AD2C7EA-C128-457F-9CDE-F5DA07F3779B}.Release|Win32.ActiveCfg = Release|Win32
		{8AD2C7EA-C128-457F-9CDE-F5DA07F3779B}.Release|Win32.Build.0 = Release|Win32
		{41941BA7-0921-4B2B-8F96-F97BFE8EDFC3}.Debug|Win32.ActiveCfg = Debug|Win32
		{41941BA7-0921-4B2B-8F96-F97BFE8EDFC3}.Debug|Win32.Build.0 = Debug|Win32
		{41941BA7-0921-4B2B-8F96-F97BFE8EDFC3}.Release|Win32.ActiveCfg = Release|Win32
		{41941BA7-0921-4B2B-8F96-F97BFE8EDFC3}.Release|Win32.Build.0 = Release|Win32
	EndGlobalSection
	GlobalSection(SolutionProperties) = preSolution
		HideSolutionNode = FALSE
	EndGlobalSection
	GlobalSection(NestedProjects) = preSolution
		{036046AE-5875-4B07-B6EE-5F11C547A35B} = {81025976-0672-45C1-A877-4893C886906F}
		{9AD79315-99A5-4191-9CF8-8BB43E9D9CCF} = {1D36C19F-DA89-4CBF-8379-66D380C4B502}
		{8AD2C7EA-C128-457F-9CDE-F5DA07F3779B} = {1D36C19F-DA89-4CBF-8379-66D380C4B502}
		{41941BA7-0921-4B2B-8F96-F97BFE8EDFC3} = {1D36C19F-DA89-4CBF-8379-66D380C4B502}
		{A17472C9-35C6-4831-A8B3-4BFD12632447} = {452995D8-38F5-40F8-A79D-90EA3CA81774}
	EndGlobalSection
EndGlobal
