
Microsoft Visual Studio Solution File, Format Version 10.00
# Visual Studio 2008
Project("{2150E333-8FDC-42A3-9474-1A3956D46DE8}") = "app", "app", "{8997749B-5F65-4310-B222-4AA6294D36BE}"
EndProject
Project("{2150E333-8FDC-42A3-9474-1A3956D46DE8}") = "lib", "lib", "{AB402A07-8927-49DE-A16A-8D86392A63B9}"
EndProject
Project("{2150E333-8FDC-42A3-9474-1A3956D46DE8}") = "Property Sheets", "Property Sheets", "{0FABAAAD-EAE3-4FC2-8A34-21FD77E7B9AD}"
	ProjectSection(SolutionItems) = preProject
		..\cxos-cgicc.vsprops = ..\cxos-cgicc.vsprops
		..\cxos-libxml2.vsprops = ..\cxos-libxml2.vsprops
		..\cxos-xalan.vsprops = ..\cxos-xalan.vsprops
		..\cxos-xerces.vsprops = ..\cxos-xerces.vsprops
		..\cxos.vsprops = ..\cxos.vsprops
	EndProjectSection
EndProject
Project("{2150E333-8FDC-42A3-9474-1A3956D46DE8}") = "local", "local", "{18AEE274-89A2-43E1-9F32-20959683B33B}"
	ProjectSection(SolutionItems) = preProject
		cxos.vsprops = cxos.vsprops
	EndProjectSection
EndProject
Project("{8BC9CEB8-8B4A-11D0-8D11-00A0C91BC942}") = "libcbase", "libcbase\libcbase.vcproj", "{9AD79315-99A5-4191-9CF8-8BB43E9D9CCF}"
EndProject
Project("{8BC9CEB8-8B4A-11D0-8D11-00A0C91BC942}") = "libcplatform", "libcplatform\libcplatform.vcproj", "{8AD2C7EA-C128-457F-9CDE-F5DA07F3779B}"
EndProject
Project("{8BC9CEB8-8B4A-11D0-8D11-00A0C91BC942}") = "libcos", "libcos\libcos.vcproj", "{41941BA7-0921-4B2B-8F96-F97BFE8EDFC3}"
	ProjectSection(ProjectDependencies) = postProject
		{9AD79315-99A5-4191-9CF8-8BB43E9D9CCF} = {9AD79315-99A5-4191-9CF8-8BB43E9D9CCF}
		{8AD2C7EA-C128-457F-9CDE-F5DA07F3779B} = {8AD2C7EA-C128-457F-9CDE-F5DA07F3779B}
	EndProjectSection
EndProject
Project("{8BC9CEB8-8B4A-11D0-8D11-00A0C91BC942}") = "libcxttp", "libcxttp\libcxttp.vcproj", "{9CFECA02-7999-44D5-90DA-688B4E804B00}"
	ProjectSection(ProjectDependencies) = postProject
		{9AD79315-99A5-4191-9CF8-8BB43E9D9CCF} = {9AD79315-99A5-4191-9CF8-8BB43E9D9CCF}
		{41941BA7-0921-4B2B-8F96-F97BFE8EDFC3} = {41941BA7-0921-4B2B-8F96-F97BFE8EDFC3}
		{8AD2C7EA-C128-457F-9CDE-F5DA07F3779B} = {8AD2C7EA-C128-457F-9CDE-F5DA07F3779B}
	EndProjectSection
EndProject
Project("{8BC9CEB8-8B4A-11D0-8D11-00A0C91BC942}") = "libccgi", "libccgi\libccgi.vcproj", "{CC4DFAF1-BB31-40D3-AA7C-6AC107A97535}"
	ProjectSection(ProjectDependencies) = postProject
		{9CFECA02-7999-44D5-90DA-688B4E804B00} = {9CFECA02-7999-44D5-90DA-688B4E804B00}
		{9AD79315-99A5-4191-9CF8-8BB43E9D9CCF} = {9AD79315-99A5-4191-9CF8-8BB43E9D9CCF}
		{41941BA7-0921-4B2B-8F96-F97BFE8EDFC3} = {41941BA7-0921-4B2B-8F96-F97BFE8EDFC3}
		{8AD2C7EA-C128-457F-9CDE-F5DA07F3779B} = {8AD2C7EA-C128-457F-9CDE-F5DA07F3779B}
	EndProjectSection
EndProject
Project("{8BC9CEB8-8B4A-11D0-8D11-00A0C91BC942}") = "ccgi", "ccgi\ccgi.vcproj", "{553EFB19-4152-4C57-8026-4373BE9DF066}"
	ProjectSection(ProjectDependencies) = postProject
		{9CFECA02-7999-44D5-90DA-688B4E804B00} = {9CFECA02-7999-44D5-90DA-688B4E804B00}
		{9AD79315-99A5-4191-9CF8-8BB43E9D9CCF} = {9AD79315-99A5-4191-9CF8-8BB43E9D9CCF}
		{41941BA7-0921-4B2B-8F96-F97BFE8EDFC3} = {41941BA7-0921-4B2B-8F96-F97BFE8EDFC3}
		{8AD2C7EA-C128-457F-9CDE-F5DA07F3779B} = {8AD2C7EA-C128-457F-9CDE-F5DA07F3779B}
		{CC4DFAF1-BB31-40D3-AA7C-6AC107A97535} = {CC4DFAF1-BB31-40D3-AA7C-6AC107A97535}
	EndProjectSection
EndProject
Project("{8BC9CEB8-8B4A-11D0-8D11-00A0C91BC942}") = "ccgicatch", "ccgicatch\ccgicatch.vcproj", "{D5E2620F-2678-4AA7-BC15-3151E2D3DFBB}"
	ProjectSection(ProjectDependencies) = postProject
		{9CFECA02-7999-44D5-90DA-688B4E804B00} = {9CFECA02-7999-44D5-90DA-688B4E804B00}
		{9AD79315-99A5-4191-9CF8-8BB43E9D9CCF} = {9AD79315-99A5-4191-9CF8-8BB43E9D9CCF}
		{41941BA7-0921-4B2B-8F96-F97BFE8EDFC3} = {41941BA7-0921-4B2B-8F96-F97BFE8EDFC3}
		{8AD2C7EA-C128-457F-9CDE-F5DA07F3779B} = {8AD2C7EA-C128-457F-9CDE-F5DA07F3779B}
	EndProjectSection
EndProject
Project("{8BC9CEB8-8B4A-11D0-8D11-00A0C91BC942}") = "libccgicc", "libccgicc\libccgicc.vcproj", "{C80F5195-39F7-435F-BDFF-5DE80C534317}"
	ProjectSection(ProjectDependencies) = postProject
		{9CFECA02-7999-44D5-90DA-688B4E804B00} = {9CFECA02-7999-44D5-90DA-688B4E804B00}
		{9AD79315-99A5-4191-9CF8-8BB43E9D9CCF} = {9AD79315-99A5-4191-9CF8-8BB43E9D9CCF}
		{41941BA7-0921-4B2B-8F96-F97BFE8EDFC3} = {41941BA7-0921-4B2B-8F96-F97BFE8EDFC3}
		{8AD2C7EA-C128-457F-9CDE-F5DA07F3779B} = {8AD2C7EA-C128-457F-9CDE-F5DA07F3779B}
		{CC4DFAF1-BB31-40D3-AA7C-6AC107A97535} = {CC4DFAF1-BB31-40D3-AA7C-6AC107A97535}
	EndProjectSection
EndProject
Project("{8BC9CEB8-8B4A-11D0-8D11-00A0C91BC942}") = "libclibxslt", "libclibxslt\libclibxslt.vcproj", "{0E7F0B65-3A12-4CD2-AC0C-FA89D5C34921}"
	ProjectSection(ProjectDependencies) = postProject
		{9AD79315-99A5-4191-9CF8-8BB43E9D9CCF} = {9AD79315-99A5-4191-9CF8-8BB43E9D9CCF}
		{41941BA7-0921-4B2B-8F96-F97BFE8EDFC3} = {41941BA7-0921-4B2B-8F96-F97BFE8EDFC3}
		{8AD2C7EA-C128-457F-9CDE-F5DA07F3779B} = {8AD2C7EA-C128-457F-9CDE-F5DA07F3779B}
	EndProjectSection
EndProject
Project("{8BC9CEB8-8B4A-11D0-8D11-00A0C91BC942}") = "clibxsltcgi", "clibxsltcgi\clibxsltcgi.vcproj", "{7E25FC14-EE1A-4BA9-BF15-F2F89047CCE7}"
	ProjectSection(ProjectDependencies) = postProject
		{9CFECA02-7999-44D5-90DA-688B4E804B00} = {9CFECA02-7999-44D5-90DA-688B4E804B00}
		{9AD79315-99A5-4191-9CF8-8BB43E9D9CCF} = {9AD79315-99A5-4191-9CF8-8BB43E9D9CCF}
		{0E7F0B65-3A12-4CD2-AC0C-FA89D5C34921} = {0E7F0B65-3A12-4CD2-AC0C-FA89D5C34921}
		{C80F5195-39F7-435F-BDFF-5DE80C534317} = {C80F5195-39F7-435F-BDFF-5DE80C534317}
		{41941BA7-0921-4B2B-8F96-F97BFE8EDFC3} = {41941BA7-0921-4B2B-8F96-F97BFE8EDFC3}
		{8AD2C7EA-C128-457F-9CDE-F5DA07F3779B} = {8AD2C7EA-C128-457F-9CDE-F5DA07F3779B}
	EndProjectSection
EndProject
Project("{8BC9CEB8-8B4A-11D0-8D11-00A0C91BC942}") = "cvcprojxsltcgi", "cvcprojxsltcgi\cvcprojxsltcgi.vcproj", "{9542C4B7-F9C8-4C6C-8EFE-7580517ED55C}"
	ProjectSection(ProjectDependencies) = postProject
		{9CFECA02-7999-44D5-90DA-688B4E804B00} = {9CFECA02-7999-44D5-90DA-688B4E804B00}
		{9AD79315-99A5-4191-9CF8-8BB43E9D9CCF} = {9AD79315-99A5-4191-9CF8-8BB43E9D9CCF}
		{0E7F0B65-3A12-4CD2-AC0C-FA89D5C34921} = {0E7F0B65-3A12-4CD2-AC0C-FA89D5C34921}
		{C80F5195-39F7-435F-BDFF-5DE80C534317} = {C80F5195-39F7-435F-BDFF-5DE80C534317}
		{41941BA7-0921-4B2B-8F96-F97BFE8EDFC3} = {41941BA7-0921-4B2B-8F96-F97BFE8EDFC3}
		{8AD2C7EA-C128-457F-9CDE-F5DA07F3779B} = {8AD2C7EA-C128-457F-9CDE-F5DA07F3779B}
	EndProjectSection
EndProject
Project("{8BC9CEB8-8B4A-11D0-8D11-00A0C91BC942}") = "cvspropsxsltcgi", "cvspropsxsltcgi\cvspropsxsltcgi.vcproj", "{FDA60A64-8B59-4474-97D3-AB197E4F4D31}"
	ProjectSection(ProjectDependencies) = postProject
		{9CFECA02-7999-44D5-90DA-688B4E804B00} = {9CFECA02-7999-44D5-90DA-688B4E804B00}
		{9AD79315-99A5-4191-9CF8-8BB43E9D9CCF} = {9AD79315-99A5-4191-9CF8-8BB43E9D9CCF}
		{0E7F0B65-3A12-4CD2-AC0C-FA89D5C34921} = {0E7F0B65-3A12-4CD2-AC0C-FA89D5C34921}
		{C80F5195-39F7-435F-BDFF-5DE80C534317} = {C80F5195-39F7-435F-BDFF-5DE80C534317}
		{41941BA7-0921-4B2B-8F96-F97BFE8EDFC3} = {41941BA7-0921-4B2B-8F96-F97BFE8EDFC3}
		{8AD2C7EA-C128-457F-9CDE-F5DA07F3779B} = {8AD2C7EA-C128-457F-9CDE-F5DA07F3779B}
	EndProjectSection
EndProject
Project("{8BC9CEB8-8B4A-11D0-8D11-00A0C91BC942}") = "chellocgi", "chellocgi\chellocgi.vcproj", "{DDB23A77-3F8A-408D-9A39-0628261929EC}"
	ProjectSection(ProjectDependencies) = postProject
		{9CFECA02-7999-44D5-90DA-688B4E804B00} = {9CFECA02-7999-44D5-90DA-688B4E804B00}
		{9AD79315-99A5-4191-9CF8-8BB43E9D9CCF} = {9AD79315-99A5-4191-9CF8-8BB43E9D9CCF}
		{C80F5195-39F7-435F-BDFF-5DE80C534317} = {C80F5195-39F7-435F-BDFF-5DE80C534317}
		{41941BA7-0921-4B2B-8F96-F97BFE8EDFC3} = {41941BA7-0921-4B2B-8F96-F97BFE8EDFC3}
		{8AD2C7EA-C128-457F-9CDE-F5DA07F3779B} = {8AD2C7EA-C128-457F-9CDE-F5DA07F3779B}
	EndProjectSection
EndProject
Global
	GlobalSection(SolutionConfigurationPlatforms) = preSolution
		Debug|Win32 = Debug|Win32
		Release|Win32 = Release|Win32
	EndGlobalSection
	GlobalSection(ProjectConfigurationPlatforms) = postSolution
		{9AD79315-99A5-4191-9CF8-8BB43E9D9CCF}.Debug|Win32.ActiveCfg = Debug|Win32
		{9AD79315-99A5-4191-9CF8-8BB43E9D9CCF}.Debug|Win32.Build.0 = Debug|Win32
		{9AD79315-99A5-4191-9CF8-8BB43E9D9CCF}.Release|Win32.ActiveCfg = Release|Win32
		{9AD79315-99A5-4191-9CF8-8BB43E9D9CCF}.Release|Win32.Build.0 = Release|Win32
		{8AD2C7EA-C128-457F-9CDE-F5DA07F3779B}.Debug|Win32.ActiveCfg = Debug|Win32
		{8AD2C7EA-C128-457F-9CDE-F5DA07F3779B}.Debug|Win32.Build.0 = Debug|Win32
		{8AD2C7EA-C128-457F-9CDE-F5DA07F3779B}.Release|Win32.ActiveCfg = Release|Win32
		{8AD2C7EA-C128-457F-9CDE-F5DA07F3779B}.Release|Win32.Build.0 = Release|Win32
		{41941BA7-0921-4B2B-8F96-F97BFE8EDFC3}.Debug|Win32.ActiveCfg = Debug|Win32
		{41941BA7-0921-4B2B-8F96-F97BFE8EDFC3}.Debug|Win32.Build.0 = Debug|Win32
		{41941BA7-0921-4B2B-8F96-F97BFE8EDFC3}.Release|Win32.ActiveCfg = Release|Win32
		{41941BA7-0921-4B2B-8F96-F97BFE8EDFC3}.Release|Win32.Build.0 = Release|Win32
		{9CFECA02-7999-44D5-90DA-688B4E804B00}.Debug|Win32.ActiveCfg = Debug|Win32
		{9CFECA02-7999-44D5-90DA-688B4E804B00}.Debug|Win32.Build.0 = Debug|Win32
		{9CFECA02-7999-44D5-90DA-688B4E804B00}.Release|Win32.ActiveCfg = Release|Win32
		{9CFECA02-7999-44D5-90DA-688B4E804B00}.Release|Win32.Build.0 = Release|Win32
		{CC4DFAF1-BB31-40D3-AA7C-6AC107A97535}.Debug|Win32.ActiveCfg = Debug|Win32
		{CC4DFAF1-BB31-40D3-AA7C-6AC107A97535}.Debug|Win32.Build.0 = Debug|Win32
		{CC4DFAF1-BB31-40D3-AA7C-6AC107A97535}.Release|Win32.ActiveCfg = Release|Win32
		{CC4DFAF1-BB31-40D3-AA7C-6AC107A97535}.Release|Win32.Build.0 = Release|Win32
		{553EFB19-4152-4C57-8026-4373BE9DF066}.Debug|Win32.ActiveCfg = Debug|Win32
		{553EFB19-4152-4C57-8026-4373BE9DF066}.Debug|Win32.Build.0 = Debug|Win32
		{553EFB19-4152-4C57-8026-4373BE9DF066}.Release|Win32.ActiveCfg = Release|Win32
		{553EFB19-4152-4C57-8026-4373BE9DF066}.Release|Win32.Build.0 = Release|Win32
		{D5E2620F-2678-4AA7-BC15-3151E2D3DFBB}.Debug|Win32.ActiveCfg = Debug|Win32
		{D5E2620F-2678-4AA7-BC15-3151E2D3DFBB}.Debug|Win32.Build.0 = Debug|Win32
		{D5E2620F-2678-4AA7-BC15-3151E2D3DFBB}.Release|Win32.ActiveCfg = Release|Win32
		{D5E2620F-2678-4AA7-BC15-3151E2D3DFBB}.Release|Win32.Build.0 = Release|Win32
		{C80F5195-39F7-435F-BDFF-5DE80C534317}.Debug|Win32.ActiveCfg = Debug|Win32
		{C80F5195-39F7-435F-BDFF-5DE80C534317}.Debug|Win32.Build.0 = Debug|Win32
		{C80F5195-39F7-435F-BDFF-5DE80C534317}.Release|Win32.ActiveCfg = Release|Win32
		{C80F5195-39F7-435F-BDFF-5DE80C534317}.Release|Win32.Build.0 = Release|Win32
		{0E7F0B65-3A12-4CD2-AC0C-FA89D5C34921}.Debug|Win32.ActiveCfg = Debug|Win32
		{0E7F0B65-3A12-4CD2-AC0C-FA89D5C34921}.Debug|Win32.Build.0 = Debug|Win32
		{0E7F0B65-3A12-4CD2-AC0C-FA89D5C34921}.Release|Win32.ActiveCfg = Release|Win32
		{0E7F0B65-3A12-4CD2-AC0C-FA89D5C34921}.Release|Win32.Build.0 = Release|Win32
		{7E25FC14-EE1A-4BA9-BF15-F2F89047CCE7}.Debug|Win32.ActiveCfg = Debug|Win32
		{7E25FC14-EE1A-4BA9-BF15-F2F89047CCE7}.Debug|Win32.Build.0 = Debug|Win32
		{7E25FC14-EE1A-4BA9-BF15-F2F89047CCE7}.Release|Win32.ActiveCfg = Release|Win32
		{7E25FC14-EE1A-4BA9-BF15-F2F89047CCE7}.Release|Win32.Build.0 = Release|Win32
		{9542C4B7-F9C8-4C6C-8EFE-7580517ED55C}.Debug|Win32.ActiveCfg = Debug|Win32
		{9542C4B7-F9C8-4C6C-8EFE-7580517ED55C}.Debug|Win32.Build.0 = Debug|Win32
		{9542C4B7-F9C8-4C6C-8EFE-7580517ED55C}.Release|Win32.ActiveCfg = Release|Win32
		{9542C4B7-F9C8-4C6C-8EFE-7580517ED55C}.Release|Win32.Build.0 = Release|Win32
		{FDA60A64-8B59-4474-97D3-AB197E4F4D31}.Debug|Win32.ActiveCfg = Debug|Win32
		{FDA60A64-8B59-4474-97D3-AB197E4F4D31}.Debug|Win32.Build.0 = Debug|Win32
		{FDA60A64-8B59-4474-97D3-AB197E4F4D31}.Release|Win32.ActiveCfg = Release|Win32
		{FDA60A64-8B59-4474-97D3-AB197E4F4D31}.Release|Win32.Build.0 = Release|Win32
		{DDB23A77-3F8A-408D-9A39-0628261929EC}.Debug|Win32.ActiveCfg = Debug|Win32
		{DDB23A77-3F8A-408D-9A39-0628261929EC}.Debug|Win32.Build.0 = Debug|Win32
		{DDB23A77-3F8A-408D-9A39-0628261929EC}.Release|Win32.ActiveCfg = Release|Win32
		{DDB23A77-3F8A-408D-9A39-0628261929EC}.Release|Win32.Build.0 = Release|Win32
	EndGlobalSection
	GlobalSection(SolutionProperties) = preSolution
		HideSolutionNode = FALSE
	EndGlobalSection
	GlobalSection(NestedProjects) = preSolution
		{553EFB19-4152-4C57-8026-4373BE9DF066} = {8997749B-5F65-4310-B222-4AA6294D36BE}
		{D5E2620F-2678-4AA7-BC15-3151E2D3DFBB} = {8997749B-5F65-4310-B222-4AA6294D36BE}
		{7E25FC14-EE1A-4BA9-BF15-F2F89047CCE7} = {8997749B-5F65-4310-B222-4AA6294D36BE}
		{9542C4B7-F9C8-4C6C-8EFE-7580517ED55C} = {8997749B-5F65-4310-B222-4AA6294D36BE}
		{FDA60A64-8B59-4474-97D3-AB197E4F4D31} = {8997749B-5F65-4310-B222-4AA6294D36BE}
		{DDB23A77-3F8A-408D-9A39-0628261929EC} = {8997749B-5F65-4310-B222-4AA6294D36BE}
		{9AD79315-99A5-4191-9CF8-8BB43E9D9CCF} = {AB402A07-8927-49DE-A16A-8D86392A63B9}
		{8AD2C7EA-C128-457F-9CDE-F5DA07F3779B} = {AB402A07-8927-49DE-A16A-8D86392A63B9}
		{41941BA7-0921-4B2B-8F96-F97BFE8EDFC3} = {AB402A07-8927-49DE-A16A-8D86392A63B9}
		{9CFECA02-7999-44D5-90DA-688B4E804B00} = {AB402A07-8927-49DE-A16A-8D86392A63B9}
		{CC4DFAF1-BB31-40D3-AA7C-6AC107A97535} = {AB402A07-8927-49DE-A16A-8D86392A63B9}
		{C80F5195-39F7-435F-BDFF-5DE80C534317} = {AB402A07-8927-49DE-A16A-8D86392A63B9}
		{0E7F0B65-3A12-4CD2-AC0C-FA89D5C34921} = {AB402A07-8927-49DE-A16A-8D86392A63B9}
		{18AEE274-89A2-43E1-9F32-20959683B33B} = {0FABAAAD-EAE3-4FC2-8A34-21FD77E7B9AD}
	EndGlobalSection
EndGlobal
